
Microsoft Visual Studio Solution File, Format Version 12.00
# Visual Studio 15
VisualStudioVersion = 15.0.27130.2027
MinimumVisualStudioVersion = 10.0.40219.1
Project("{FAE04EC0-301F-11D3-BF4B-00C04F79EFBC}") = "ComicBookGallery", "ComicBookGallery\ComicBookGallery.csproj", "{D0D7214F-B42E-4A58-A67A-1021D38C90DB}"
EndProject
Global
	GlobalSection(SolutionConfigurationPlatforms) = preSolution
		Debug|Any CPU = Debug|Any CPU
		Release|Any CPU = Release|Any CPU
	EndGlobalSection
	GlobalSection(ProjectConfigurationPlatforms) = postSolution
		{D0D7214F-B42E-4A58-A67A-1021D38C90DB}.Debug|Any CPU.ActiveCfg = Debug|Any CPU
		{D0D7214F-B42E-4A58-A67A-1021D38C90DB}.Debug|Any CPU.Build.0 = Debug|Any CPU
		{D0D7214F-B42E-4A58-A67A-1021D38C90DB}.Release|Any CPU.ActiveCfg = Release|Any CPU
		{D0D7214F-B42E-4A58-A67A-1021D38C90DB}.Release|Any CPU.Build.0 = Release|Any CPU
	EndGlobalSection
	GlobalSection(SolutionProperties) = preSolution
		HideSolutionNode = FALSE
	EndGlobalSection
	GlobalSection(ExtensibilityGlobals) = postSolution
		SolutionGuid = {B26E7DC1-F9C5-4190-935A-BA11981BE3BC}
	EndGlobalSection
EndGlobal
